<?xml version="1.0" encoding="utf-8"?>
<Project ToolsVersion="4.0" xmlns="http://schemas.microsoft.com/developer/msbuild/2003">
  <ItemGroup>
    <Filter Include="Eucledia">
      <UniqueIdentifier>{21959946-0D62-F451-367B-E2F922A729E0}</UniqueIdentifier>
    </Filter>
  </ItemGroup>
  <ItemGroup>
    <ClInclude Include="src\Eucledia.h" />
    <ClInclude Include="src\Eucledia\Application.h">
      <Filter>Eucledia</Filter>
    </ClInclude>
    <ClInclude Include="src\Eucledia\Core.h">
      <Filter>Eucledia</Filter>
    </ClInclude>
    <ClInclude Include="src\Eucledia\EntryPoint.h">
      <Filter>Eucledia</Filter>
    </ClInclude>
    <ClInclude Include="src\Eucledia\Log.h">
      <Filter>Eucledia</Filter>
    </ClInclude>
  </ItemGroup>
  <ItemGroup>
    <ClCompile Include="src\Eucledia\Application.cpp">
      <Filter>Eucledia</Filter>
    </ClCompile>
    <ClCompile Include="src\Eucledia\Log.cpp">
      <Filter>Eucledia</Filter>
    </ClCompile>
  </ItemGroup>
</Project>