<?xml version="1.0" encoding="utf-8"?>
<Project ToolsVersion="4.0" xmlns="http://schemas.microsoft.com/developer/msbuild/2003">
  <ItemGroup>
    <Filter Include="Eucledia">
      <UniqueIdentifier>{21959946-0D62-F451-367B-E2F922A729E0}</UniqueIdentifier>
    </Filter>
    <Filter Include="Eucledia\Events">
      <UniqueIdentifier>{E5115251-519D-BF15-5AAE-420AC6B81B16}</UniqueIdentifier>
    </Filter>
    <Filter Include="Eucledia\ImGui">
      <UniqueIdentifier>{0B9FFF19-F76C-F31F-E000-6446CC6DCF84}</UniqueIdentifier>
    </Filter>
    <Filter Include="Platform">
      <UniqueIdentifier>{2AC788B4-1694-E3BF-3FAD-D1672BD9184E}</UniqueIdentifier>
    </Filter>
    <Filter Include="Platform\Windows">
      <UniqueIdentifier>{64FBD71A-50F4-F66C-7926-DCF1657ED678}</UniqueIdentifier>
    </Filter>
    <Filter Include="Eucledia\Renderer">
      <UniqueIdentifier>{ee099d73-9f83-4bc0-b1b5-d4017a4f3dc2}</UniqueIdentifier>
    </Filter>
    <Filter Include="Platform\OpenGL">
      <UniqueIdentifier>{3ca06c17-0e31-4954-9ec9-6bf0bf8267d4}</UniqueIdentifier>
    </Filter>
  </ItemGroup>
  <ItemGroup>
    <ClInclude Include="src\Eucledia.h" />
    <ClInclude Include="src\Eucledia\Application.h">
      <Filter>Eucledia</Filter>
    </ClInclude>
    <ClInclude Include="src\Eucledia\Core.h">
      <Filter>Eucledia</Filter>
    </ClInclude>
    <ClInclude Include="src\Eucledia\EntryPoint.h">
      <Filter>Eucledia</Filter>
    </ClInclude>
    <ClInclude Include="src\Eucledia\Events\ApplicationEvent.h">
      <Filter>Eucledia\Events</Filter>
    </ClInclude>
    <ClInclude Include="src\Eucledia\Events\Event.h">
      <Filter>Eucledia\Events</Filter>
    </ClInclude>
    <ClInclude Include="src\Eucledia\Events\KeyEvent.h">
      <Filter>Eucledia\Events</Filter>
    </ClInclude>
    <ClInclude Include="src\Eucledia\Events\MouseEvent.h">
      <Filter>Eucledia\Events</Filter>
    </ClInclude>
    <ClInclude Include="src\Eucledia\ImGui\ImGuiLayer.h">
      <Filter>Eucledia\ImGui</Filter>
    </ClInclude>
    <ClInclude Include="src\Eucledia\Input.h">
      <Filter>Eucledia</Filter>
    </ClInclude>
    <ClInclude Include="src\Eucledia\KeyCodes.h">
      <Filter>Eucledia</Filter>
    </ClInclude>
    <ClInclude Include="src\Eucledia\Layer.h">
      <Filter>Eucledia</Filter>
    </ClInclude>
    <ClInclude Include="src\Eucledia\LayerStack.h">
      <Filter>Eucledia</Filter>
    </ClInclude>
    <ClInclude Include="src\Eucledia\Log.h">
      <Filter>Eucledia</Filter>
    </ClInclude>
    <ClInclude Include="src\Eucledia\MouseButtonCodes.h">
      <Filter>Eucledia</Filter>
    </ClInclude>
    <ClInclude Include="src\Eucledia\Window.h">
      <Filter>Eucledia</Filter>
    </ClInclude>
    <ClInclude Include="src\Platform\Windows\WindowsInput.h">
      <Filter>Platform\Windows</Filter>
    </ClInclude>
    <ClInclude Include="src\Platform\Windows\WindowsWindow.h">
      <Filter>Platform\Windows</Filter>
    </ClInclude>
    <ClInclude Include="src\euclediapch.h" />
    <ClInclude Include="src\Eucledia\Renderer\GraphicsContext.h">
      <Filter>Eucledia\Renderer</Filter>
    </ClInclude>
    <ClInclude Include="src\Platform\OpenGL\OpenGLContext.h">
      <Filter>Platform\OpenGL</Filter>
    </ClInclude>
    <ClInclude Include="src\Eucledia\Renderer\Shader.h">
      <Filter>Eucledia\Renderer</Filter>
    </ClInclude>
    <ClInclude Include="src\Eucledia\Renderer\Buffer.h">
      <Filter>Eucledia\Renderer</Filter>
    </ClInclude>
    <ClInclude Include="src\Platform\OpenGL\OpenGLBuffer.h">
      <Filter>Platform\OpenGL</Filter>
    </ClInclude>
    <ClInclude Include="src\Eucledia\Renderer\Renderer.h">
      <Filter>Eucledia\Renderer</Filter>
    </ClInclude>
  </ItemGroup>
  <ItemGroup>
    <ClCompile Include="src\Eucledia\Application.cpp">
      <Filter>Eucledia</Filter>
    </ClCompile>
    <ClCompile Include="src\Eucledia\ImGui\ImGuiBuild.cpp">
      <Filter>Eucledia\ImGui</Filter>
    </ClCompile>
    <ClCompile Include="src\Eucledia\ImGui\ImGuiLayer.cpp">
      <Filter>Eucledia\ImGui</Filter>
    </ClCompile>
    <ClCompile Include="src\Eucledia\Layer.cpp">
      <Filter>Eucledia</Filter>
    </ClCompile>
    <ClCompile Include="src\Eucledia\LayerStack.cpp">
      <Filter>Eucledia</Filter>
    </ClCompile>
    <ClCompile Include="src\Eucledia\Log.cpp">
      <Filter>Eucledia</Filter>
    </ClCompile>
    <ClCompile Include="src\Platform\Windows\WindowsInput.cpp">
      <Filter>Platform\Windows</Filter>
    </ClCompile>
    <ClCompile Include="src\Platform\Windows\WindowsWindow.cpp">
      <Filter>Platform\Windows</Filter>
    </ClCompile>
    <ClCompile Include="src\euclediapch.cpp" />
    <ClCompile Include="src\Platform\OpenGL\OpenGLContext.cpp">
      <Filter>Platform\OpenGL</Filter>
    </ClCompile>
    <ClCompile Include="src\Eucledia\Renderer\Shader.cpp">
      <Filter>Eucledia\Renderer</Filter>
    </ClCompile>
    <ClCompile Include="src\Eucledia\Renderer\Buffer.cpp">
      <Filter>Eucledia\Renderer</Filter>
    </ClCompile>
    <ClCompile Include="src\Platform\OpenGL\OpenGLBuffer.cpp">
      <Filter>Platform\OpenGL</Filter>
    </ClCompile>
    <ClCompile Include="src\Eucledia\Renderer\Renderer.cpp">
      <Filter>Eucledia\Renderer</Filter>
    </ClCompile>
  </ItemGroup>
</Project>