<?xml version="1.0" encoding="utf-8"?>
<Project ToolsVersion="4.0" xmlns="http://schemas.microsoft.com/developer/msbuild/2003">
  <ItemGroup>
    <Filter Include="src">
      <UniqueIdentifier>{2DAB880B-99B4-887C-2230-9F7C8E38947C}</UniqueIdentifier>
    </Filter>
    <Filter Include="src\Eucledia">
      <UniqueIdentifier>{18981377-04FB-A21B-AD80-DBD199C26E9E}</UniqueIdentifier>
    </Filter>
    <Filter Include="src\Eucledia\Core">
      <UniqueIdentifier>{708B87A6-DCA1-853C-2519-115E916E56C4}</UniqueIdentifier>
    </Filter>
    <Filter Include="src\Eucledia\Events">
      <UniqueIdentifier>{FC38BA6B-689A-9779-F107-DE2B5D68CE38}</UniqueIdentifier>
    </Filter>
    <Filter Include="src\Eucledia\ImGui">
      <UniqueIdentifier>{42BFE377-2EA3-A4CD-9703-9F2083068F4F}</UniqueIdentifier>
    </Filter>
    <Filter Include="src\Eucledia\Renderer">
      <UniqueIdentifier>{BE76273A-2AE3-E234-F3D6-7A925F02059D}</UniqueIdentifier>
    </Filter>
    <Filter Include="src\Platform">
      <UniqueIdentifier>{21CA02E5-0D2D-9289-B6B2-CA3FA2F45D0C}</UniqueIdentifier>
    </Filter>
    <Filter Include="src\Platform\OpenGL">
      <UniqueIdentifier>{35A49437-A105-7245-2A73-B8F796D3A804}</UniqueIdentifier>
    </Filter>
    <Filter Include="src\Platform\Windows">
      <UniqueIdentifier>{5B054582-4794-CE4B-F0B2-E246DC20DFF1}</UniqueIdentifier>
    </Filter>
    <Filter Include="vendor">
      <UniqueIdentifier>{B3738122-9F15-ACF8-88D0-BF4C74113349}</UniqueIdentifier>
    </Filter>
    <Filter Include="vendor\stb_image">
      <UniqueIdentifier>{0DA0BA59-F998-D9AB-22CB-BE300E23B9B7}</UniqueIdentifier>
    </Filter>
  </ItemGroup>
  <ItemGroup>
    <ClInclude Include="src\Eucledia.h">
      <Filter>src</Filter>
    </ClInclude>
    <ClInclude Include="src\Eucledia\Application.h">
      <Filter>src\Eucledia</Filter>
    </ClInclude>
    <ClInclude Include="src\Eucledia\Core.h">
      <Filter>src\Eucledia</Filter>
    </ClInclude>
    <ClInclude Include="src\Eucledia\Core\Timestep.h">
      <Filter>src\Eucledia\Core</Filter>
    </ClInclude>
    <ClInclude Include="src\Eucledia\EntryPoint.h">
      <Filter>src\Eucledia</Filter>
    </ClInclude>
    <ClInclude Include="src\Eucledia\Events\ApplicationEvent.h">
      <Filter>src\Eucledia\Events</Filter>
    </ClInclude>
    <ClInclude Include="src\Eucledia\Events\Event.h">
      <Filter>src\Eucledia\Events</Filter>
    </ClInclude>
    <ClInclude Include="src\Eucledia\Events\KeyEvent.h">
      <Filter>src\Eucledia\Events</Filter>
    </ClInclude>
    <ClInclude Include="src\Eucledia\Events\MouseEvent.h">
      <Filter>src\Eucledia\Events</Filter>
    </ClInclude>
    <ClInclude Include="src\Eucledia\ImGui\ImGuiLayer.h">
      <Filter>src\Eucledia\ImGui</Filter>
    </ClInclude>
    <ClInclude Include="src\Eucledia\Input.h">
      <Filter>src\Eucledia</Filter>
    </ClInclude>
    <ClInclude Include="src\Eucledia\KeyCodes.h">
      <Filter>src\Eucledia</Filter>
    </ClInclude>
    <ClInclude Include="src\Eucledia\Layer.h">
      <Filter>src\Eucledia</Filter>
    </ClInclude>
    <ClInclude Include="src\Eucledia\LayerStack.h">
      <Filter>src\Eucledia</Filter>
    </ClInclude>
    <ClInclude Include="src\Eucledia\Log.h">
      <Filter>src\Eucledia</Filter>
    </ClInclude>
    <ClInclude Include="src\Eucledia\MouseButtonCodes.h">
      <Filter>src\Eucledia</Filter>
    </ClInclude>
    <ClInclude Include="src\Eucledia\Renderer\Buffer.h">
      <Filter>src\Eucledia\Renderer</Filter>
    </ClInclude>
    <ClInclude Include="src\Eucledia\Renderer\GraphicsContext.h">
      <Filter>src\Eucledia\Renderer</Filter>
    </ClInclude>
    <ClInclude Include="src\Eucledia\Renderer\OrthographicCamera.h">
      <Filter>src\Eucledia\Renderer</Filter>
    </ClInclude>
    <ClInclude Include="src\Eucledia\Renderer\RenderCommand.h">
      <Filter>src\Eucledia\Renderer</Filter>
    </ClInclude>
    <ClInclude Include="src\Eucledia\Renderer\Renderer.h">
      <Filter>src\Eucledia\Renderer</Filter>
    </ClInclude>
    <ClInclude Include="src\Eucledia\Renderer\RendererAPI.h">
      <Filter>src\Eucledia\Renderer</Filter>
    </ClInclude>
    <ClInclude Include="src\Eucledia\Renderer\Shader.h">
      <Filter>src\Eucledia\Renderer</Filter>
    </ClInclude>
    <ClInclude Include="src\Eucledia\Renderer\Texture.h">
      <Filter>src\Eucledia\Renderer</Filter>
    </ClInclude>
    <ClInclude Include="src\Eucledia\Renderer\VertexArray.h">
      <Filter>src\Eucledia\Renderer</Filter>
    </ClInclude>
    <ClInclude Include="src\Eucledia\Window.h">
      <Filter>src\Eucledia</Filter>
    </ClInclude>
    <ClInclude Include="src\Platform\OpenGL\OpenGLBuffer.h">
      <Filter>src\Platform\OpenGL</Filter>
    </ClInclude>
    <ClInclude Include="src\Platform\OpenGL\OpenGLContext.h">
      <Filter>src\Platform\OpenGL</Filter>
    </ClInclude>
    <ClInclude Include="src\Platform\OpenGL\OpenGLRendererAPI.h">
      <Filter>src\Platform\OpenGL</Filter>
    </ClInclude>
    <ClInclude Include="src\Platform\OpenGL\OpenGLShader.h">
      <Filter>src\Platform\OpenGL</Filter>
    </ClInclude>
    <ClInclude Include="src\Platform\OpenGL\OpenGLTexture.h">
      <Filter>src\Platform\OpenGL</Filter>
    </ClInclude>
    <ClInclude Include="src\Platform\OpenGL\OpenGlVertexArray.h">
      <Filter>src\Platform\OpenGL</Filter>
    </ClInclude>
    <ClInclude Include="src\Platform\Windows\WindowsInput.h">
      <Filter>src\Platform\Windows</Filter>
    </ClInclude>
    <ClInclude Include="src\Platform\Windows\WindowsWindow.h">
      <Filter>src\Platform\Windows</Filter>
    </ClInclude>
    <ClInclude Include="src\euclediapch.h">
      <Filter>src</Filter>
    </ClInclude>
    <ClInclude Include="vendor\stb_image\stb_image.h">
      <Filter>vendor\stb_image</Filter>
    </ClInclude>
  </ItemGroup>
  <ItemGroup>
    <ClCompile Include="src\Eucledia\Application.cpp">
      <Filter>src\Eucledia</Filter>
    </ClCompile>
    <ClCompile Include="src\Eucledia\Core\Timestep.cpp">
      <Filter>src\Eucledia\Core</Filter>
    </ClCompile>
    <ClCompile Include="src\Eucledia\ImGui\ImGuiBuild.cpp">
      <Filter>src\Eucledia\ImGui</Filter>
    </ClCompile>
    <ClCompile Include="src\Eucledia\ImGui\ImGuiLayer.cpp">
      <Filter>src\Eucledia\ImGui</Filter>
    </ClCompile>
    <ClCompile Include="src\Eucledia\Layer.cpp">
      <Filter>src\Eucledia</Filter>
    </ClCompile>
    <ClCompile Include="src\Eucledia\LayerStack.cpp">
      <Filter>src\Eucledia</Filter>
    </ClCompile>
    <ClCompile Include="src\Eucledia\Log.cpp">
      <Filter>src\Eucledia</Filter>
    </ClCompile>
    <ClCompile Include="src\Eucledia\Renderer\Buffer.cpp">
      <Filter>src\Eucledia\Renderer</Filter>
    </ClCompile>
    <ClCompile Include="src\Eucledia\Renderer\OrthographicCamera.cpp">
      <Filter>src\Eucledia\Renderer</Filter>
    </ClCompile>
    <ClCompile Include="src\Eucledia\Renderer\RenderCommand.cpp">
      <Filter>src\Eucledia\Renderer</Filter>
    </ClCompile>
    <ClCompile Include="src\Eucledia\Renderer\Renderer.cpp">
      <Filter>src\Eucledia\Renderer</Filter>
    </ClCompile>
    <ClCompile Include="src\Eucledia\Renderer\RendererApi.cpp">
      <Filter>src\Eucledia\Renderer</Filter>
    </ClCompile>
    <ClCompile Include="src\Eucledia\Renderer\Shader.cpp">
      <Filter>src\Eucledia\Renderer</Filter>
    </ClCompile>
    <ClCompile Include="src\Eucledia\Renderer\Texture.cpp">
      <Filter>src\Eucledia\Renderer</Filter>
    </ClCompile>
    <ClCompile Include="src\Eucledia\Renderer\VertexArray.cpp">
      <Filter>src\Eucledia\Renderer</Filter>
    </ClCompile>
    <ClCompile Include="src\Platform\OpenGL\OpenGLBuffer.cpp">
      <Filter>src\Platform\OpenGL</Filter>
    </ClCompile>
    <ClCompile Include="src\Platform\OpenGL\OpenGLContext.cpp">
      <Filter>src\Platform\OpenGL</Filter>
    </ClCompile>
    <ClCompile Include="src\Platform\OpenGL\OpenGLRendererAPI.cpp">
      <Filter>src\Platform\OpenGL</Filter>
    </ClCompile>
    <ClCompile Include="src\Platform\OpenGL\OpenGLShader.cpp">
      <Filter>src\Platform\OpenGL</Filter>
    </ClCompile>
    <ClCompile Include="src\Platform\OpenGL\OpenGLTexture.cpp">
      <Filter>src\Platform\OpenGL</Filter>
    </ClCompile>
    <ClCompile Include="src\Platform\OpenGL\OpenGlVertexArray.cpp">
      <Filter>src\Platform\OpenGL</Filter>
    </ClCompile>
    <ClCompile Include="src\Platform\Windows\WindowsInput.cpp">
      <Filter>src\Platform\Windows</Filter>
    </ClCompile>
    <ClCompile Include="src\Platform\Windows\WindowsWindow.cpp">
      <Filter>src\Platform\Windows</Filter>
    </ClCompile>
    <ClCompile Include="src\euclediapch.cpp">
      <Filter>src</Filter>
    </ClCompile>
    <ClCompile Include="vendor\stb_image\stb_image.cpp">
      <Filter>vendor\stb_image</Filter>
    </ClCompile>
  </ItemGroup>
</Project>